// !$*UTF8*$!
{
	archiveVersion = 1;
	classes = {
	};
	objectVersion = 77;
	objects = {

/* Begin PBXBuildFile section */
		0A3842FA9EE11AEA48A2EDC9 /* AppDateContext.swift in Sources */ = {isa = PBXBuildFile; fileRef = 4D15A01ADB409610C71013E1 /* AppDateContext.swift */; };
		1E9F3890C097A123CFAB5AD4 /* RecoveryDetailView.swift in Sources */ = {isa = PBXBuildFile; fileRef = C0929DD9E1475B6AF613FE8C /* RecoveryDetailView.swift */; };
		20EEA1BA2F910C4076091D92 /* RRDetailView.swift in Sources */ = {isa = PBXBuildFile; fileRef = 801F69A1CE919B4F462E7B3A /* RRDetailView.swift */; };
		26F0578BC1F83A2C933CE0EF /* InsightsState.swift in Sources */ = {isa = PBXBuildFile; fileRef = A7FB273ABB444E09826788AA /* InsightsState.swift */; };
		27F165EB07471E0B5FE9C028 /* PairDeviceState.swift in Sources */ = {isa = PBXBuildFile; fileRef = 0F9B856A2BB781C7D4F480D9 /* PairDeviceState.swift */; };
		306F5DC37373D72A063BA558 /* SignUpFormStateTests.swift in Sources */ = {isa = PBXBuildFile; fileRef = 1EF9E52B6039F759504D06BA /* SignUpFormStateTests.swift */; };
		333A9244A3B69596239A8D5C /* SignUpDependencies.swift in Sources */ = {isa = PBXBuildFile; fileRef = E25A7E0083E9DB6CF6BA8796 /* SignUpDependencies.swift */; };
		3D2E3A908A85F817D6876058 /* SignInView.swift in Sources */ = {isa = PBXBuildFile; fileRef = C2ED4D47E08C15A1D2787BE3 /* SignInView.swift */; };
		439E57D610588D2CECF418F3 /* HRDetailView.swift in Sources */ = {isa = PBXBuildFile; fileRef = 6605FF81F45CFEA7CCCC60D8 /* HRDetailView.swift */; };
		45FAC666078D8871D4CA9E77 /* NoomApp.swift in Sources */ = {isa = PBXBuildFile; fileRef = F2ADF18966AEA8AAACA3F911 /* NoomApp.swift */; };
		4CED94F4658B9DC863845B59 /* SignInFormState.swift in Sources */ = {isa = PBXBuildFile; fileRef = 5C163C9AA8C693117F8E6B77 /* SignInFormState.swift */; };
		4EEC94E4893C32D1E28496D2 /* MainTabView.swift in Sources */ = {isa = PBXBuildFile; fileRef = E003AA361F20D4D6D22C859B /* MainTabView.swift */; };
		51492A05FAB6BEF1CBAC8F6A /* DashboardState.swift in Sources */ = {isa = PBXBuildFile; fileRef = 2AD3C2EC6AB581C0EF38B512 /* DashboardState.swift */; };
		543EB3F7AC410F657DB54889 /* InflammationSignal.swift in Sources */ = {isa = PBXBuildFile; fileRef = A30FCDAA3E34FC476FF322D3 /* InflammationSignal.swift */; };
		569D707815801A8BF4DF316F /* SleepProcessingCoordinatorTests.swift in Sources */ = {isa = PBXBuildFile; fileRef = E8FEA6ACDB186BCFC0D90FEE /* SleepProcessingCoordinatorTests.swift */; };
		5AE180559049060F109477BC /* Assets.xcassets in Resources */ = {isa = PBXBuildFile; fileRef = 47DEB83250C4962C37A98341 /* Assets.xcassets */; };
		5D3B7A3CA358BBC8B9236DD0 /* SleepProcessingDomain.swift in Sources */ = {isa = PBXBuildFile; fileRef = 7788D554638D6AF5BE0F7A6E /* SleepProcessingDomain.swift */; };
		6112BA2C05B74F073D421907 /* SleepSessionPicker.swift in Sources */ = {isa = PBXBuildFile; fileRef = 04257C5C3EEDC95EAD4D9D56 /* SleepSessionPicker.swift */; };
		6B77FCBCD7BC6CCBCDE775C1 /* SleepJourneyState.swift in Sources */ = {isa = PBXBuildFile; fileRef = D99A8184A1055AAF793FC377 /* SleepJourneyState.swift */; };
		6FB65400F20F9B8E730A3DF1 /* SleepProcessingDomainTests.swift in Sources */ = {isa = PBXBuildFile; fileRef = 0F2595A096D6AB09561C908F /* SleepProcessingDomainTests.swift */; };
		75E4FB4D9C3EE52E44DA7B2C /* NoomBandConnectionState.swift in Sources */ = {isa = PBXBuildFile; fileRef = AD4AC883108B1F0F2D595656 /* NoomBandConnectionState.swift */; };
		8524457083D5555BB2589C58 /* ProfileView.swift in Sources */ = {isa = PBXBuildFile; fileRef = 7063E755D3388FE782F3BB85 /* ProfileView.swift */; };
		865EFCE9FB284499FAF25940 /* SignUpView.swift in Sources */ = {isa = PBXBuildFile; fileRef = AC8AC6706486F2E46A84C462 /* SignUpView.swift */; };
		8AE3F392EDBF697CFD05F828 /* DashboardView.swift in Sources */ = {isa = PBXBuildFile; fileRef = 848E6F722C5AF7B48135F6C5 /* DashboardView.swift */; };
		8BA128249C6C4A15F91FDAA3 /* PrivacyInfo.xcprivacy in Resources */ = {isa = PBXBuildFile; fileRef = D804EBA8A2B63BD65EF93FC7 /* PrivacyInfo.xcprivacy */; };
		91B7FFB717096DE84668029B /* PairDeviceView.swift in Sources */ = {isa = PBXBuildFile; fileRef = 398FF21DED14033668AB580B /* PairDeviceView.swift */; };
		94C64E6DD919EF8FAE32E659 /* Pods_NoomAppTests.framework in Frameworks */ = {isa = PBXBuildFile; fileRef = D8CF56D7B7B8FFA77668787C /* Pods_NoomAppTests.framework */; };
		95A28FFFC6CD8889BA8278FF /* SleepProcessingBanner.swift in Sources */ = {isa = PBXBuildFile; fileRef = 331C791161E754925C887E2F /* SleepProcessingBanner.swift */; };
		9B0CB02968DCD1A877BB4DEE /* Metric.swift in Sources */ = {isa = PBXBuildFile; fileRef = 4BFDDE525CF11EE2E05C59F4 /* Metric.swift */; };
		A02A8D114E752DD203E53468 /* StepsDetailView.swift in Sources */ = {isa = PBXBuildFile; fileRef = 252C6C66A16E6C22038C0655 /* StepsDetailView.swift */; };
		A85EDD9CFDA6F1A8044DE257 /* SleepJourneyStateTests.swift in Sources */ = {isa = PBXBuildFile; fileRef = 8D978773D4FF94A29195DD35 /* SleepJourneyStateTests.swift */; };
		AF836E1FD94B68E7EDE6476A /* SleepProcessingState.swift in Sources */ = {isa = PBXBuildFile; fileRef = 448AE2DD8F81E52546298256 /* SleepProcessingState.swift */; };
		B3262012BD39B3314C7CBCB5 /* SleepProcessingPreview.swift in Sources */ = {isa = PBXBuildFile; fileRef = 802D57516F30D473607B798F /* SleepProcessingPreview.swift */; };
		B49A251C9562A4408625E437 /* RecordingExperienceView.swift in Sources */ = {isa = PBXBuildFile; fileRef = 249DEF085B9595FD3DADCFAD /* RecordingExperienceView.swift */; };
		BDBF118B6F60E7BDC80070AA /* NoomProductScreens.swift in Sources */ = {isa = PBXBuildFile; fileRef = 4D4791AEF812D3F6DEA54BDC /* NoomProductScreens.swift */; };
		C0DB083FA69D6A7CEFC00A5C /* SleepProcessingStateTests.swift in Sources */ = {isa = PBXBuildFile; fileRef = 1CA8A63ED09E3347D7DA31FE /* SleepProcessingStateTests.swift */; };
		CACB31FDAB1418C7D3300270 /* SleepDetailView.swift in Sources */ = {isa = PBXBuildFile; fileRef = 7A0A167C56242752BBABD23E /* SleepDetailView.swift */; };
		CE7AD185EEF172D9B552D443 /* SignUpFormState.swift in Sources */ = {isa = PBXBuildFile; fileRef = 4BFB99D5E5B6063F846872B1 /* SignUpFormState.swift */; };
		D0CB54C599D83278761EB1D9 /* Pods_NoomApp.framework in Frameworks */ = {isa = PBXBuildFile; fileRef = 393A93D21BE33212BE38BBC1 /* Pods_NoomApp.framework */; };
		DF89813CB15762A85A64A4FA /* NoomDesignSystem.swift in Sources */ = {isa = PBXBuildFile; fileRef = 16CB5D88C9FE2F02A5FB7AD4 /* NoomDesignSystem.swift */; };
		E2E0B86CD6AE58F2A64F4FDE /* CaloriesDetailView.swift in Sources */ = {isa = PBXBuildFile; fileRef = AD987A4A244436576A164B0A /* CaloriesDetailView.swift */; };
		E4CDC304A62580026A6C22C1 /* InsightsView.swift in Sources */ = {isa = PBXBuildFile; fileRef = 80B18CEAB6AD612F7BF5EA7F /* InsightsView.swift */; };
		EBFFEFB7F0C52BB260766757 /* ContentView.swift in Sources */ = {isa = PBXBuildFile; fileRef = CB3407CAE9C881F008593038 /* ContentView.swift */; };
		F23EEF83C4B68C048F6669C5 /* HRVDetailView.swift in Sources */ = {isa = PBXBuildFile; fileRef = 119BC3F0E4AA8FC1ED0AFD4D /* HRVDetailView.swift */; };
		FF05CD532FF155431BF9C141 /* SleepProcessingCoordinator.swift in Sources */ = {isa = PBXBuildFile; fileRef = 52F438EB677D6FB0811DD507 /* SleepProcessingCoordinator.swift */; };
/* End PBXBuildFile section */

/* Begin PBXContainerItemProxy section */
		30708FCEC84CE8167D32DD5B /* PBXContainerItemProxy */ = {
			isa = PBXContainerItemProxy;
			containerPortal = 7E39B5E1153B68693F8E2F9A /* Project object */;
			proxyType = 1;
			remoteGlobalIDString = B87DDEDA868139C0805965C7;
			remoteInfo = NoomApp;
		};
/* End PBXContainerItemProxy section */

/* Begin PBXFileReference section */
		04257C5C3EEDC95EAD4D9D56 /* SleepSessionPicker.swift */ = {isa = PBXFileReference; lastKnownFileType = sourcecode.swift; path = SleepSessionPicker.swift; sourceTree = "<group>"; };
		045531F56E1F77384ABD20BA /* Pods-NoomAppTests.debug.xcconfig */ = {isa = PBXFileReference; includeInIndex = 1; lastKnownFileType = text.xcconfig; name = "Pods-NoomAppTests.debug.xcconfig"; path = "Target Support Files/Pods-NoomAppTests/Pods-NoomAppTests.debug.xcconfig"; sourceTree = "<group>"; };
		0F2595A096D6AB09561C908F /* SleepProcessingDomainTests.swift */ = {isa = PBXFileReference; lastKnownFileType = sourcecode.swift; path = SleepProcessingDomainTests.swift; sourceTree = "<group>"; };
		0F9B856A2BB781C7D4F480D9 /* PairDeviceState.swift */ = {isa = PBXFileReference; lastKnownFileType = sourcecode.swift; path = PairDeviceState.swift; sourceTree = "<group>"; };
		119BC3F0E4AA8FC1ED0AFD4D /* HRVDetailView.swift */ = {isa = PBXFileReference; lastKnownFileType = sourcecode.swift; path = HRVDetailView.swift; sourceTree = "<group>"; };
		16CB5D88C9FE2F02A5FB7AD4 /* NoomDesignSystem.swift */ = {isa = PBXFileReference; lastKnownFileType = sourcecode.swift; path = NoomDesignSystem.swift; sourceTree = "<group>"; };
		1CA8A63ED09E3347D7DA31FE /* SleepProcessingStateTests.swift */ = {isa = PBXFileReference; lastKnownFileType = sourcecode.swift; path = SleepProcessingStateTests.swift; sourceTree = "<group>"; };
		1EF9E52B6039F759504D06BA /* SignUpFormStateTests.swift */ = {isa = PBXFileReference; lastKnownFileType = sourcecode.swift; path = SignUpFormStateTests.swift; sourceTree = "<group>"; };
		249DEF085B9595FD3DADCFAD /* RecordingExperienceView.swift */ = {isa = PBXFileReference; lastKnownFileType = sourcecode.swift; path = RecordingExperienceView.swift; sourceTree = "<group>"; };
		252C6C66A16E6C22038C0655 /* StepsDetailView.swift */ = {isa = PBXFileReference; lastKnownFileType = sourcecode.swift; path = StepsDetailView.swift; sourceTree = "<group>"; };
		2AD3C2EC6AB581C0EF38B512 /* DashboardState.swift */ = {isa = PBXFileReference; lastKnownFileType = sourcecode.swift; path = DashboardState.swift; sourceTree = "<group>"; };
		2E62322A8DA29E2800BF477F /* Info.plist */ = {isa = PBXFileReference; lastKnownFileType = text.plist; path = Info.plist; sourceTree = "<group>"; };
		331C791161E754925C887E2F /* SleepProcessingBanner.swift */ = {isa = PBXFileReference; lastKnownFileType = sourcecode.swift; path = SleepProcessingBanner.swift; sourceTree = "<group>"; };
		393A93D21BE33212BE38BBC1 /* Pods_NoomApp.framework */ = {isa = PBXFileReference; explicitFileType = wrapper.framework; includeInIndex = 0; path = Pods_NoomApp.framework; sourceTree = BUILT_PRODUCTS_DIR; };
		398FF21DED14033668AB580B /* PairDeviceView.swift */ = {isa = PBXFileReference; lastKnownFileType = sourcecode.swift; path = PairDeviceView.swift; sourceTree = "<group>"; };
		448AE2DD8F81E52546298256 /* SleepProcessingState.swift */ = {isa = PBXFileReference; lastKnownFileType = sourcecode.swift; path = SleepProcessingState.swift; sourceTree = "<group>"; };
		47DEB83250C4962C37A98341 /* Assets.xcassets */ = {isa = PBXFileReference; lastKnownFileType = folder.assetcatalog; path = Assets.xcassets; sourceTree = "<group>"; };
		4BFB99D5E5B6063F846872B1 /* SignUpFormState.swift */ = {isa = PBXFileReference; lastKnownFileType = sourcecode.swift; path = SignUpFormState.swift; sourceTree = "<group>"; };
		4BFDDE525CF11EE2E05C59F4 /* Metric.swift */ = {isa = PBXFileReference; lastKnownFileType = sourcecode.swift; path = Metric.swift; sourceTree = "<group>"; };
		4D105E7938223C0C742F7F94 /* Pods-NoomAppTests.release.xcconfig */ = {isa = PBXFileReference; includeInIndex = 1; lastKnownFileType = text.xcconfig; name = "Pods-NoomAppTests.release.xcconfig"; path = "Target Support Files/Pods-NoomAppTests/Pods-NoomAppTests.release.xcconfig"; sourceTree = "<group>"; };
		4D15A01ADB409610C71013E1 /* AppDateContext.swift */ = {isa = PBXFileReference; lastKnownFileType = sourcecode.swift; path = AppDateContext.swift; sourceTree = "<group>"; };
		4D4791AEF812D3F6DEA54BDC /* NoomProductScreens.swift */ = {isa = PBXFileReference; lastKnownFileType = sourcecode.swift; path = NoomProductScreens.swift; sourceTree = "<group>"; };
		5026042DE45B7FE7496FAA4A /* Pods-NoomApp.debug.xcconfig */ = {isa = PBXFileReference; includeInIndex = 1; lastKnownFileType = text.xcconfig; name = "Pods-NoomApp.debug.xcconfig"; path = "Target Support Files/Pods-NoomApp/Pods-NoomApp.debug.xcconfig"; sourceTree = "<group>"; };
		52F438EB677D6FB0811DD507 /* SleepProcessingCoordinator.swift */ = {isa = PBXFileReference; lastKnownFileType = sourcecode.swift; path = SleepProcessingCoordinator.swift; sourceTree = "<group>"; };
		5C163C9AA8C693117F8E6B77 /* SignInFormState.swift */ = {isa = PBXFileReference; lastKnownFileType = sourcecode.swift; path = SignInFormState.swift; sourceTree = "<group>"; };
		6605FF81F45CFEA7CCCC60D8 /* HRDetailView.swift */ = {isa = PBXFileReference; lastKnownFileType = sourcecode.swift; path = HRDetailView.swift; sourceTree = "<group>"; };
		7063E755D3388FE782F3BB85 /* ProfileView.swift */ = {isa = PBXFileReference; lastKnownFileType = sourcecode.swift; path = ProfileView.swift; sourceTree = "<group>"; };
		7788D554638D6AF5BE0F7A6E /* SleepProcessingDomain.swift */ = {isa = PBXFileReference; lastKnownFileType = sourcecode.swift; path = SleepProcessingDomain.swift; sourceTree = "<group>"; };
		7A0A167C56242752BBABD23E /* SleepDetailView.swift */ = {isa = PBXFileReference; lastKnownFileType = sourcecode.swift; path = SleepDetailView.swift; sourceTree = "<group>"; };
		801F69A1CE919B4F462E7B3A /* RRDetailView.swift */ = {isa = PBXFileReference; lastKnownFileType = sourcecode.swift; path = RRDetailView.swift; sourceTree = "<group>"; };
		802D57516F30D473607B798F /* SleepProcessingPreview.swift */ = {isa = PBXFileReference; lastKnownFileType = sourcecode.swift; path = SleepProcessingPreview.swift; sourceTree = "<group>"; };
		80B18CEAB6AD612F7BF5EA7F /* InsightsView.swift */ = {isa = PBXFileReference; lastKnownFileType = sourcecode.swift; path = InsightsView.swift; sourceTree = "<group>"; };
		848E6F722C5AF7B48135F6C5 /* DashboardView.swift */ = {isa = PBXFileReference; lastKnownFileType = sourcecode.swift; path = DashboardView.swift; sourceTree = "<group>"; };
		8A534812BA243A86C21A9773 /* Pods-NoomApp.release.xcconfig */ = {isa = PBXFileReference; includeInIndex = 1; lastKnownFileType = text.xcconfig; name = "Pods-NoomApp.release.xcconfig"; path = "Target Support Files/Pods-NoomApp/Pods-NoomApp.release.xcconfig"; sourceTree = "<group>"; };
		8B894FF3CBE1CD48D894E3F3 /* NoomAppTests.xctest */ = {isa = PBXFileReference; includeInIndex = 0; lastKnownFileType = wrapper.cfbundle; path = NoomAppTests.xctest; sourceTree = BUILT_PRODUCTS_DIR; };
		8D978773D4FF94A29195DD35 /* SleepJourneyStateTests.swift */ = {isa = PBXFileReference; lastKnownFileType = sourcecode.swift; path = SleepJourneyStateTests.swift; sourceTree = "<group>"; };
		A30FCDAA3E34FC476FF322D3 /* InflammationSignal.swift */ = {isa = PBXFileReference; lastKnownFileType = sourcecode.swift; path = InflammationSignal.swift; sourceTree = "<group>"; };
		A7FB273ABB444E09826788AA /* InsightsState.swift */ = {isa = PBXFileReference; lastKnownFileType = sourcecode.swift; path = InsightsState.swift; sourceTree = "<group>"; };
		AC8AC6706486F2E46A84C462 /* SignUpView.swift */ = {isa = PBXFileReference; lastKnownFileType = sourcecode.swift; path = SignUpView.swift; sourceTree = "<group>"; };
		AD4AC883108B1F0F2D595656 /* NoomBandConnectionState.swift */ = {isa = PBXFileReference; lastKnownFileType = sourcecode.swift; path = NoomBandConnectionState.swift; sourceTree = "<group>"; };
		AD987A4A244436576A164B0A /* CaloriesDetailView.swift */ = {isa = PBXFileReference; lastKnownFileType = sourcecode.swift; path = CaloriesDetailView.swift; sourceTree = "<group>"; };
		C0929DD9E1475B6AF613FE8C /* RecoveryDetailView.swift */ = {isa = PBXFileReference; lastKnownFileType = sourcecode.swift; path = RecoveryDetailView.swift; sourceTree = "<group>"; };
		C2ED4D47E08C15A1D2787BE3 /* SignInView.swift */ = {isa = PBXFileReference; lastKnownFileType = sourcecode.swift; path = SignInView.swift; sourceTree = "<group>"; };
		CB3407CAE9C881F008593038 /* ContentView.swift */ = {isa = PBXFileReference; lastKnownFileType = sourcecode.swift; path = ContentView.swift; sourceTree = "<group>"; };
		D804EBA8A2B63BD65EF93FC7 /* PrivacyInfo.xcprivacy */ = {isa = PBXFileReference; path = PrivacyInfo.xcprivacy; sourceTree = "<group>"; };
		D8CF56D7B7B8FFA77668787C /* Pods_NoomAppTests.framework */ = {isa = PBXFileReference; explicitFileType = wrapper.framework; includeInIndex = 0; path = Pods_NoomAppTests.framework; sourceTree = BUILT_PRODUCTS_DIR; };
		D99A8184A1055AAF793FC377 /* SleepJourneyState.swift */ = {isa = PBXFileReference; lastKnownFileType = sourcecode.swift; path = SleepJourneyState.swift; sourceTree = "<group>"; };
		E003AA361F20D4D6D22C859B /* MainTabView.swift */ = {isa = PBXFileReference; lastKnownFileType = sourcecode.swift; path = MainTabView.swift; sourceTree = "<group>"; };
		E25A7E0083E9DB6CF6BA8796 /* SignUpDependencies.swift */ = {isa = PBXFileReference; lastKnownFileType = sourcecode.swift; path = SignUpDependencies.swift; sourceTree = "<group>"; };
		E44F7687C8142DA182B8FE3A /* NoomApp.app */ = {isa = PBXFileReference; includeInIndex = 0; lastKnownFileType = wrapper.application; path = NoomApp.app; sourceTree = BUILT_PRODUCTS_DIR; };
		E8FEA6ACDB186BCFC0D90FEE /* SleepProcessingCoordinatorTests.swift */ = {isa = PBXFileReference; lastKnownFileType = sourcecode.swift; path = SleepProcessingCoordinatorTests.swift; sourceTree = "<group>"; };
		F2ADF18966AEA8AAACA3F911 /* NoomApp.swift */ = {isa = PBXFileReference; lastKnownFileType = sourcecode.swift; path = NoomApp.swift; sourceTree = "<group>"; };
/* End PBXFileReference section */

/* Begin PBXFrameworksBuildPhase section */
		2304CEFB5E85B7AF9686B7C5 /* Frameworks */ = {
			isa = PBXFrameworksBuildPhase;
			buildActionMask = 2147483647;
			files = (
				D0CB54C599D83278761EB1D9 /* Pods_NoomApp.framework in Frameworks */,
			);
			runOnlyForDeploymentPostprocessing = 0;
		};
		30F3FCBAA50085C81E186A60 /* Frameworks */ = {
			isa = PBXFrameworksBuildPhase;
			buildActionMask = 2147483647;
			files = (
				94C64E6DD919EF8FAE32E659 /* Pods_NoomAppTests.framework in Frameworks */,
			);
			runOnlyForDeploymentPostprocessing = 0;
		};
/* End PBXFrameworksBuildPhase section */

/* Begin PBXGroup section */
		0A82DB5EB8F094CBA60B9D1D /* NoomApp */ = {
			isa = PBXGroup;
			children = (
				4D15A01ADB409610C71013E1 /* AppDateContext.swift */,
				47DEB83250C4962C37A98341 /* Assets.xcassets */,
				AD987A4A244436576A164B0A /* CaloriesDetailView.swift */,
				CB3407CAE9C881F008593038 /* ContentView.swift */,
				2AD3C2EC6AB581C0EF38B512 /* DashboardState.swift */,
				848E6F722C5AF7B48135F6C5 /* DashboardView.swift */,
				6605FF81F45CFEA7CCCC60D8 /* HRDetailView.swift */,
				119BC3F0E4AA8FC1ED0AFD4D /* HRVDetailView.swift */,
				A30FCDAA3E34FC476FF322D3 /* InflammationSignal.swift */,
				2E62322A8DA29E2800BF477F /* Info.plist */,
				A7FB273ABB444E09826788AA /* InsightsState.swift */,
				80B18CEAB6AD612F7BF5EA7F /* InsightsView.swift */,
				E003AA361F20D4D6D22C859B /* MainTabView.swift */,
				4BFDDE525CF11EE2E05C59F4 /* Metric.swift */,
				F2ADF18966AEA8AAACA3F911 /* NoomApp.swift */,
				AD4AC883108B1F0F2D595656 /* NoomBandConnectionState.swift */,
				16CB5D88C9FE2F02A5FB7AD4 /* NoomDesignSystem.swift */,
				4D4791AEF812D3F6DEA54BDC /* NoomProductScreens.swift */,
				0F9B856A2BB781C7D4F480D9 /* PairDeviceState.swift */,
				398FF21DED14033668AB580B /* PairDeviceView.swift */,
				D804EBA8A2B63BD65EF93FC7 /* PrivacyInfo.xcprivacy */,
				7063E755D3388FE782F3BB85 /* ProfileView.swift */,
				249DEF085B9595FD3DADCFAD /* RecordingExperienceView.swift */,
				C0929DD9E1475B6AF613FE8C /* RecoveryDetailView.swift */,
				801F69A1CE919B4F462E7B3A /* RRDetailView.swift */,
				5C163C9AA8C693117F8E6B77 /* SignInFormState.swift */,
				C2ED4D47E08C15A1D2787BE3 /* SignInView.swift */,
				E25A7E0083E9DB6CF6BA8796 /* SignUpDependencies.swift */,
				4BFB99D5E5B6063F846872B1 /* SignUpFormState.swift */,
				AC8AC6706486F2E46A84C462 /* SignUpView.swift */,
				7A0A167C56242752BBABD23E /* SleepDetailView.swift */,
				D99A8184A1055AAF793FC377 /* SleepJourneyState.swift */,
				331C791161E754925C887E2F /* SleepProcessingBanner.swift */,
				52F438EB677D6FB0811DD507 /* SleepProcessingCoordinator.swift */,
				7788D554638D6AF5BE0F7A6E /* SleepProcessingDomain.swift */,
				802D57516F30D473607B798F /* SleepProcessingPreview.swift */,
				448AE2DD8F81E52546298256 /* SleepProcessingState.swift */,
				04257C5C3EEDC95EAD4D9D56 /* SleepSessionPicker.swift */,
				252C6C66A16E6C22038C0655 /* StepsDetailView.swift */,
			);
			path = NoomApp;
			sourceTree = "<group>";
		};
		689F05B8EEA8D9B2F9C223D8 /* Products */ = {
			isa = PBXGroup;
			children = (
				E44F7687C8142DA182B8FE3A /* NoomApp.app */,
				8B894FF3CBE1CD48D894E3F3 /* NoomAppTests.xctest */,
			);
			name = Products;
			sourceTree = "<group>";
		};
		A61AA2F45BAE2F15305E11F4 = {
			isa = PBXGroup;
			children = (
				0A82DB5EB8F094CBA60B9D1D /* NoomApp */,
				B42A203A90AA817CF1D5784A /* NoomAppTests */,
				689F05B8EEA8D9B2F9C223D8 /* Products */,
				C39AF54B028FC7EA1E382BF0 /* Pods */,
				B8E2F751EA88D997476FDA8F /* Frameworks */,
			);
			sourceTree = "<group>";
		};
		B42A203A90AA817CF1D5784A /* NoomAppTests */ = {
			isa = PBXGroup;
			children = (
				1EF9E52B6039F759504D06BA /* SignUpFormStateTests.swift */,
				8D978773D4FF94A29195DD35 /* SleepJourneyStateTests.swift */,
				E8FEA6ACDB186BCFC0D90FEE /* SleepProcessingCoordinatorTests.swift */,
				0F2595A096D6AB09561C908F /* SleepProcessingDomainTests.swift */,
				1CA8A63ED09E3347D7DA31FE /* SleepProcessingStateTests.swift */,
			);
			path = NoomAppTests;
			sourceTree = "<group>";
		};
		B8E2F751EA88D997476FDA8F /* Frameworks */ = {
			isa = PBXGroup;
			children = (
				393A93D21BE33212BE38BBC1 /* Pods_NoomApp.framework */,
				D8CF56D7B7B8FFA77668787C /* Pods_NoomAppTests.framework */,
			);
			name = Frameworks;
			sourceTree = "<group>";
		};
		C39AF54B028FC7EA1E382BF0 /* Pods */ = {
			isa = PBXGroup;
			children = (
				5026042DE45B7FE7496FAA4A /* Pods-NoomApp.debug.xcconfig */,
				8A534812BA243A86C21A9773 /* Pods-NoomApp.release.xcconfig */,
				045531F56E1F77384ABD20BA /* Pods-NoomAppTests.debug.xcconfig */,
				4D105E7938223C0C742F7F94 /* Pods-NoomAppTests.release.xcconfig */,
			);
			name = Pods;
			path = Pods;
			sourceTree = "<group>";
		};
/* End PBXGroup section */

/* Begin PBXNativeTarget section */
		2A9A4FB604DB32D5C5126CDB /* NoomAppTests */ = {
			isa = PBXNativeTarget;
			buildConfigurationList = AD4948FC1001BCE1AAEE49A6 /* Build configuration list for PBXNativeTarget "NoomAppTests" */;
			buildPhases = (
				9B92833ED9FB30CB4FFA707F /* [CP] Check Pods Manifest.lock */,
				9AB8531BF5DBBF3CB9A51B35 /* Sources */,
				30F3FCBAA50085C81E186A60 /* Frameworks */,
			);
			buildRules = (
			);
			dependencies = (
				213352204B30ACFCEB3861E0 /* PBXTargetDependency */,
			);
			name = NoomAppTests;
			productName = NoomAppTests;
			productReference = 8B894FF3CBE1CD48D894E3F3 /* NoomAppTests.xctest */;
			productType = "com.apple.product-type.bundle.unit-test";
		};
		B87DDEDA868139C0805965C7 /* NoomApp */ = {
			isa = PBXNativeTarget;
			buildConfigurationList = 190690E4C22DD001A86BCF79 /* Build configuration list for PBXNativeTarget "NoomApp" */;
			buildPhases = (
				52BBB9454B5FFBA31A6CC90D /* [CP] Check Pods Manifest.lock */,
				5125337A080235AB7F31B458 /* Sources */,
				19DFA9373BBEF3D80A077564 /* Resources */,
				2304CEFB5E85B7AF9686B7C5 /* Frameworks */,
				10C5474BEC3C4E3F45645BB9 /* [CP] Embed Pods Frameworks */,
			);
			buildRules = (
			);
			dependencies = (
			);
			name = NoomApp;
			productName = NoomApp;
			productReference = E44F7687C8142DA182B8FE3A /* NoomApp.app */;
			productType = "com.apple.product-type.application";
		};
/* End PBXNativeTarget section */

/* Begin PBXProject section */
		7E39B5E1153B68693F8E2F9A /* Project object */ = {
			isa = PBXProject;
			attributes = {
				BuildIndependentTargetsInParallel = YES;
				LastUpgradeCheck = 1430;
				TargetAttributes = {
					B87DDEDA868139C0805965C7 = {
						DevelopmentTeam = 2V6RCD4SM4;
						ProvisioningStyle = Automatic;
					};
				};
			};
			buildConfigurationList = F7F5AA7D873F37B9E247CD31 /* Build configuration list for PBXProject "NoomApp" */;
			developmentRegion = en;
			hasScannedForEncodings = 0;
			knownRegions = (
				Base,
				en,
			);
			mainGroup = A61AA2F45BAE2F15305E11F4;
			minimizedProjectReferenceProxies = 1;
			preferredProjectObjectVersion = 77;
			productRefGroup = 689F05B8EEA8D9B2F9C223D8 /* Products */;
			projectDirPath = "";
			projectRoot = "";
			targets = (
				B87DDEDA868139C0805965C7 /* NoomApp */,
				2A9A4FB604DB32D5C5126CDB /* NoomAppTests */,
			);
		};
/* End PBXProject section */

/* Begin PBXResourcesBuildPhase section */
		19DFA9373BBEF3D80A077564 /* Resources */ = {
			isa = PBXResourcesBuildPhase;
			buildActionMask = 2147483647;
			files = (
				5AE180559049060F109477BC /* Assets.xcassets in Resources */,
				8BA128249C6C4A15F91FDAA3 /* PrivacyInfo.xcprivacy in Resources */,
			);
			runOnlyForDeploymentPostprocessing = 0;
		};
/* End PBXResourcesBuildPhase section */

/* Begin PBXShellScriptBuildPhase section */
		10C5474BEC3C4E3F45645BB9 /* [CP] Embed Pods Frameworks */ = {
			isa = PBXShellScriptBuildPhase;
			buildActionMask = 2147483647;
			files = (
			);
			inputFileListPaths = (
				"${PODS_ROOT}/Target Support Files/Pods-NoomApp/Pods-NoomApp-frameworks-${CONFIGURATION}-input-files.xcfilelist",
			);
			name = "[CP] Embed Pods Frameworks";
			outputFileListPaths = (
				"${PODS_ROOT}/Target Support Files/Pods-NoomApp/Pods-NoomApp-frameworks-${CONFIGURATION}-output-files.xcfilelist",
			);
			runOnlyForDeploymentPostprocessing = 0;
			shellPath = /bin/sh;
			shellScript = "\"${PODS_ROOT}/Target Support Files/Pods-NoomApp/Pods-NoomApp-frameworks.sh\"\n";
			showEnvVarsInLog = 0;
		};
		52BBB9454B5FFBA31A6CC90D /* [CP] Check Pods Manifest.lock */ = {
			isa = PBXShellScriptBuildPhase;
			buildActionMask = 2147483647;
			files = (
			);
			inputFileListPaths = (
			);
			inputPaths = (
				"${PODS_PODFILE_DIR_PATH}/Podfile.lock",
				"${PODS_ROOT}/Manifest.lock",
			);
			name = "[CP] Check Pods Manifest.lock";
			outputFileListPaths = (
			);
			outputPaths = (
				"$(DERIVED_FILE_DIR)/Pods-NoomApp-checkManifestLockResult.txt",
			);
			runOnlyForDeploymentPostprocessing = 0;
			shellPath = /bin/sh;
			shellScript = "diff \"${PODS_PODFILE_DIR_PATH}/Podfile.lock\" \"${PODS_ROOT}/Manifest.lock\" > /dev/null\nif [ $? != 0 ] ; then\n    # print error to STDERR\n    echo \"error: The sandbox is not in sync with the Podfile.lock. Run 'pod install' or update your CocoaPods installation.\" >&2\n    exit 1\nfi\n# This output is used by Xcode 'outputs' to avoid re-running this script phase.\necho \"SUCCESS\" > \"${SCRIPT_OUTPUT_FILE_0}\"\n";
			showEnvVarsInLog = 0;
		};
		9B92833ED9FB30CB4FFA707F /* [CP] Check Pods Manifest.lock */ = {
			isa = PBXShellScriptBuildPhase;
			buildActionMask = 2147483647;
			files = (
			);
			inputFileListPaths = (
			);
			inputPaths = (
				"${PODS_PODFILE_DIR_PATH}/Podfile.lock",
				"${PODS_ROOT}/Manifest.lock",
			);
			name = "[CP] Check Pods Manifest.lock";
			outputFileListPaths = (
			);
			outputPaths = (
				"$(DERIVED_FILE_DIR)/Pods-NoomAppTests-checkManifestLockResult.txt",
			);
			runOnlyForDeploymentPostprocessing = 0;
			shellPath = /bin/sh;
			shellScript = "diff \"${PODS_PODFILE_DIR_PATH}/Podfile.lock\" \"${PODS_ROOT}/Manifest.lock\" > /dev/null\nif [ $? != 0 ] ; then\n    # print error to STDERR\n    echo \"error: The sandbox is not in sync with the Podfile.lock. Run 'pod install' or update your CocoaPods installation.\" >&2\n    exit 1\nfi\n# This output is used by Xcode 'outputs' to avoid re-running this script phase.\necho \"SUCCESS\" > \"${SCRIPT_OUTPUT_FILE_0}\"\n";
			showEnvVarsInLog = 0;
		};
/* End PBXShellScriptBuildPhase section */

/* Begin PBXSourcesBuildPhase section */
		5125337A080235AB7F31B458 /* Sources */ = {
			isa = PBXSourcesBuildPhase;
			buildActionMask = 2147483647;
			files = (
				0A3842FA9EE11AEA48A2EDC9 /* AppDateContext.swift in Sources */,
				E2E0B86CD6AE58F2A64F4FDE /* CaloriesDetailView.swift in Sources */,
				EBFFEFB7F0C52BB260766757 /* ContentView.swift in Sources */,
				51492A05FAB6BEF1CBAC8F6A /* DashboardState.swift in Sources */,
				8AE3F392EDBF697CFD05F828 /* DashboardView.swift in Sources */,
				439E57D610588D2CECF418F3 /* HRDetailView.swift in Sources */,
				F23EEF83C4B68C048F6669C5 /* HRVDetailView.swift in Sources */,
				543EB3F7AC410F657DB54889 /* InflammationSignal.swift in Sources */,
				26F0578BC1F83A2C933CE0EF /* InsightsState.swift in Sources */,
				E4CDC304A62580026A6C22C1 /* InsightsView.swift in Sources */,
				4EEC94E4893C32D1E28496D2 /* MainTabView.swift in Sources */,
				9B0CB02968DCD1A877BB4DEE /* Metric.swift in Sources */,
				45FAC666078D8871D4CA9E77 /* NoomApp.swift in Sources */,
				75E4FB4D9C3EE52E44DA7B2C /* NoomBandConnectionState.swift in Sources */,
				DF89813CB15762A85A64A4FA /* NoomDesignSystem.swift in Sources */,
				BDBF118B6F60E7BDC80070AA /* NoomProductScreens.swift in Sources */,
				27F165EB07471E0B5FE9C028 /* PairDeviceState.swift in Sources */,
				91B7FFB717096DE84668029B /* PairDeviceView.swift in Sources */,
				8524457083D5555BB2589C58 /* ProfileView.swift in Sources */,
				20EEA1BA2F910C4076091D92 /* RRDetailView.swift in Sources */,
				B49A251C9562A4408625E437 /* RecordingExperienceView.swift in Sources */,
				1E9F3890C097A123CFAB5AD4 /* RecoveryDetailView.swift in Sources */,
				4CED94F4658B9DC863845B59 /* SignInFormState.swift in Sources */,
				3D2E3A908A85F817D6876058 /* SignInView.swift in Sources */,
				333A9244A3B69596239A8D5C /* SignUpDependencies.swift in Sources */,
				CE7AD185EEF172D9B552D443 /* SignUpFormState.swift in Sources */,
				865EFCE9FB284499FAF25940 /* SignUpView.swift in Sources */,
				CACB31FDAB1418C7D3300270 /* SleepDetailView.swift in Sources */,
				6B77FCBCD7BC6CCBCDE775C1 /* SleepJourneyState.swift in Sources */,
				95A28FFFC6CD8889BA8278FF /* SleepProcessingBanner.swift in Sources */,
				FF05CD532FF155431BF9C141 /* SleepProcessingCoordinator.swift in Sources */,
				5D3B7A3CA358BBC8B9236DD0 /* SleepProcessingDomain.swift in Sources */,
				B3262012BD39B3314C7CBCB5 /* SleepProcessingPreview.swift in Sources */,
				AF836E1FD94B68E7EDE6476A /* SleepProcessingState.swift in Sources */,
				6112BA2C05B74F073D421907 /* SleepSessionPicker.swift in Sources */,
				A02A8D114E752DD203E53468 /* StepsDetailView.swift in Sources */,
			);
			runOnlyForDeploymentPostprocessing = 0;
		};
		9AB8531BF5DBBF3CB9A51B35 /* Sources */ = {
			isa = PBXSourcesBuildPhase;
			buildActionMask = 2147483647;
			files = (
				306F5DC37373D72A063BA558 /* SignUpFormStateTests.swift in Sources */,
				A85EDD9CFDA6F1A8044DE257 /* SleepJourneyStateTests.swift in Sources */,
				569D707815801A8BF4DF316F /* SleepProcessingCoordinatorTests.swift in Sources */,
				6FB65400F20F9B8E730A3DF1 /* SleepProcessingDomainTests.swift in Sources */,
				C0DB083FA69D6A7CEFC00A5C /* SleepProcessingStateTests.swift in Sources */,
			);
			runOnlyForDeploymentPostprocessing = 0;
		};
/* End PBXSourcesBuildPhase section */

/* Begin PBXTargetDependency section */
		213352204B30ACFCEB3861E0 /* PBXTargetDependency */ = {
			isa = PBXTargetDependency;
			target = B87DDEDA868139C0805965C7 /* NoomApp */;
			targetProxy = 30708FCEC84CE8167D32DD5B /* PBXContainerItemProxy */;
		};
/* End PBXTargetDependency section */

/* Begin XCBuildConfiguration section */
		29C26C2B80164C30904549DF /* Debug */ = {
			isa = XCBuildConfiguration;
			baseConfigurationReference = 5026042DE45B7FE7496FAA4A /* Pods-NoomApp.debug.xcconfig */;
			buildSettings = {
				ASSETCATALOG_COMPILER_APPICON_NAME = AppIcon;
				CODE_SIGN_IDENTITY = "iPhone Developer";
				CODE_SIGN_STYLE = Automatic;
				DEVELOPMENT_TEAM = 2V6RCD4SM4;
				GENERATE_INFOPLIST_FILE = NO;
				INFOPLIST_FILE = NoomApp/Info.plist;
				LD_RUNPATH_SEARCH_PATHS = (
					"$(inherited)",
					"@executable_path/Frameworks",
				);
				PRODUCT_BUNDLE_IDENTIFIER = ai.sensr.example.NoomApp;
				SDKROOT = iphoneos;
				TARGETED_DEVICE_FAMILY = "1,2";
			};
			name = Debug;
		};
		3BB68C519C9EA599CF80B128 /* Release */ = {
			isa = XCBuildConfiguration;
			buildSettings = {
				ALWAYS_SEARCH_USER_PATHS = NO;
				CLANG_ANALYZER_NONNULL = YES;
				CLANG_ANALYZER_NUMBER_OBJECT_CONVERSION = YES_AGGRESSIVE;
				CLANG_CXX_LANGUAGE_STANDARD = "c++17";
				CLANG_CXX_LIBRARY = "libc++";
				CLANG_ENABLE_MODULES = YES;
				CLANG_ENABLE_OBJC_ARC = YES;
				CLANG_ENABLE_OBJC_WEAK = YES;
				CLANG_WARN_BLOCK_CAPTURE_AUTORELEASING = YES;
				CLANG_WARN_BOOL_CONVERSION = YES;
				CLANG_WARN_COMMA = YES;
				CLANG_WARN_CONSTANT_CONVERSION = YES;
				CLANG_WARN_DEPRECATED_OBJC_IMPLEMENTATIONS = YES;
				CLANG_WARN_DIRECT_OBJC_ISA_USAGE = YES_ERROR;
				CLANG_WARN_DOCUMENTATION_COMMENTS = YES;
				CLANG_WARN_EMPTY_BODY = YES;
				CLANG_WARN_ENUM_CONVERSION = YES;
				CLANG_WARN_INFINITE_RECURSION = YES;
				CLANG_WARN_INT_CONVERSION = YES;
				CLANG_WARN_NON_LITERAL_NULL_CONVERSION = YES;
				CLANG_WARN_OBJC_IMPLICIT_RETAIN_SELF = YES;
				CLANG_WARN_OBJC_LITERAL_CONVERSION = YES;
				CLANG_WARN_OBJC_ROOT_CLASS = YES_ERROR;
				CLANG_WARN_QUOTED_INCLUDE_IN_FRAMEWORK_HEADER = YES;
				CLANG_WARN_RANGE_LOOP_ANALYSIS = YES;
				CLANG_WARN_STRICT_PROTOTYPES = YES;
				CLANG_WARN_SUSPICIOUS_MOVE = YES;
				CLANG_WARN_UNGUARDED_AVAILABILITY = YES_AGGRESSIVE;
				CLANG_WARN_UNREACHABLE_CODE = YES;
				CLANG_WARN__DUPLICATE_METHOD_MATCH = YES;
				COPY_PHASE_STRIP = NO;
				DEBUG_INFORMATION_FORMAT = "dwarf-with-dsym";
				ENABLE_NS_ASSERTIONS = NO;
				ENABLE_STRICT_OBJC_MSGSEND = YES;
				"EXCLUDED_ARCHS[sdk=iphonesimulator*]" = x86_64;
				GCC_C_LANGUAGE_STANDARD = gnu11;
				GCC_NO_COMMON_BLOCKS = YES;
				GCC_PREPROCESSOR_DEFINITIONS = (
					"$(inherited)",
					"FX_PLATFORM_UNIX=1",
				);
				GCC_WARN_64_TO_32_BIT_CONVERSION = YES;
				GCC_WARN_ABOUT_RETURN_TYPE = YES_ERROR;
				GCC_WARN_UNDECLARED_SELECTOR = YES;
				GCC_WARN_UNINITIALIZED_AUTOS = YES_AGGRESSIVE;
				GCC_WARN_UNUSED_FUNCTION = YES;
				GCC_WARN_UNUSED_VARIABLE = YES;
				IPHONEOS_DEPLOYMENT_TARGET = 18.0;
				MTL_ENABLE_DEBUG_INFO = NO;
				MTL_FAST_MATH = YES;
				PRODUCT_NAME = "$(TARGET_NAME)";
				SDKROOT = iphoneos;
				SWIFT_COMPILATION_MODE = wholemodule;
				SWIFT_OPTIMIZATION_LEVEL = "-O";
				SWIFT_VERSION = 5;
			};
			name = Release;
		};
		3E24A9F88A8304937272BE33 /* Release */ = {
			isa = XCBuildConfiguration;
			baseConfigurationReference = 4D105E7938223C0C742F7F94 /* Pods-NoomAppTests.release.xcconfig */;
			buildSettings = {
				BUNDLE_LOADER = "$(TEST_HOST)";
				GENERATE_INFOPLIST_FILE = YES;
				LD_RUNPATH_SEARCH_PATHS = (
					"$(inherited)",
					"@executable_path/Frameworks",
					"@loader_path/Frameworks",
				);
				PRODUCT_BUNDLE_IDENTIFIER = ai.sensr.example.NoomAppTests;
				SDKROOT = iphoneos;
				TARGETED_DEVICE_FAMILY = "1,2";
				TEST_HOST = "$(BUILT_PRODUCTS_DIR)/NoomApp.app/NoomApp";
			};
			name = Release;
		};
		53190A7D47E376D91B734098 /* Debug */ = {
			isa = XCBuildConfiguration;
			baseConfigurationReference = 045531F56E1F77384ABD20BA /* Pods-NoomAppTests.debug.xcconfig */;
			buildSettings = {
				BUNDLE_LOADER = "$(TEST_HOST)";
				GENERATE_INFOPLIST_FILE = YES;
				LD_RUNPATH_SEARCH_PATHS = (
					"$(inherited)",
					"@executable_path/Frameworks",
					"@loader_path/Frameworks",
				);
				PRODUCT_BUNDLE_IDENTIFIER = ai.sensr.example.NoomAppTests;
				SDKROOT = iphoneos;
				TARGETED_DEVICE_FAMILY = "1,2";
				TEST_HOST = "$(BUILT_PRODUCTS_DIR)/NoomApp.app/NoomApp";
			};
			name = Debug;
		};
		B4971792E31A3602EE8AB19C /* Release */ = {
			isa = XCBuildConfiguration;
			baseConfigurationReference = 8A534812BA243A86C21A9773 /* Pods-NoomApp.release.xcconfig */;
			buildSettings = {
				ASSETCATALOG_COMPILER_APPICON_NAME = AppIcon;
				CODE_SIGN_IDENTITY = "iPhone Developer";
				CODE_SIGN_STYLE = Automatic;
				DEVELOPMENT_TEAM = 2V6RCD4SM4;
				GENERATE_INFOPLIST_FILE = NO;
				INFOPLIST_FILE = NoomApp/Info.plist;
				LD_RUNPATH_SEARCH_PATHS = (
					"$(inherited)",
					"@executable_path/Frameworks",
				);
				PRODUCT_BUNDLE_IDENTIFIER = ai.sensr.example.NoomApp;
				SDKROOT = iphoneos;
				TARGETED_DEVICE_FAMILY = "1,2";
			};
			name = Release;
		};
		FFC12181AFA3C9958605CD38 /* Debug */ = {
			isa = XCBuildConfiguration;
			buildSettings = {
				ALWAYS_SEARCH_USER_PATHS = NO;
				CLANG_ANALYZER_NONNULL = YES;
				CLANG_ANALYZER_NUMBER_OBJECT_CONVERSION = YES_AGGRESSIVE;
				CLANG_CXX_LANGUAGE_STANDARD = "c++17";
				CLANG_CXX_LIBRARY = "libc++";
				CLANG_ENABLE_MODULES = YES;
				CLANG_ENABLE_OBJC_ARC = YES;
				CLANG_ENABLE_OBJC_WEAK = YES;
				CLANG_WARN_BLOCK_CAPTURE_AUTORELEASING = YES;
				CLANG_WARN_BOOL_CONVERSION = YES;
				CLANG_WARN_COMMA = YES;
				CLANG_WARN_CONSTANT_CONVERSION = YES;
				CLANG_WARN_DEPRECATED_OBJC_IMPLEMENTATIONS = YES;
				CLANG_WARN_DIRECT_OBJC_ISA_USAGE = YES_ERROR;
				CLANG_WARN_DOCUMENTATION_COMMENTS = YES;
				CLANG_WARN_EMPTY_BODY = YES;
				CLANG_WARN_ENUM_CONVERSION = YES;
				CLANG_WARN_INFINITE_RECURSION = YES;
				CLANG_WARN_INT_CONVERSION = YES;
				CLANG_WARN_NON_LITERAL_NULL_CONVERSION = YES;
				CLANG_WARN_OBJC_IMPLICIT_RETAIN_SELF = YES;
				CLANG_WARN_OBJC_LITERAL_CONVERSION = YES;
				CLANG_WARN_OBJC_ROOT_CLASS = YES_ERROR;
				CLANG_WARN_QUOTED_INCLUDE_IN_FRAMEWORK_HEADER = YES;
				CLANG_WARN_RANGE_LOOP_ANALYSIS = YES;
				CLANG_WARN_STRICT_PROTOTYPES = YES;
				CLANG_WARN_SUSPICIOUS_MOVE = YES;
				CLANG_WARN_UNGUARDED_AVAILABILITY = YES_AGGRESSIVE;
				CLANG_WARN_UNREACHABLE_CODE = YES;
				CLANG_WARN__DUPLICATE_METHOD_MATCH = YES;
				COPY_PHASE_STRIP = NO;
				DEBUG_INFORMATION_FORMAT = dwarf;
				ENABLE_STRICT_OBJC_MSGSEND = YES;
				ENABLE_TESTABILITY = YES;
				"EXCLUDED_ARCHS[sdk=iphonesimulator*]" = x86_64;
				GCC_C_LANGUAGE_STANDARD = gnu11;
				GCC_DYNAMIC_NO_PIC = NO;
				GCC_NO_COMMON_BLOCKS = YES;
				GCC_OPTIMIZATION_LEVEL = 0;
				GCC_PREPROCESSOR_DEFINITIONS = (
					"$(inherited)",
					"FX_PLATFORM_UNIX=1",
				);
				GCC_WARN_64_TO_32_BIT_CONVERSION = YES;
				GCC_WARN_ABOUT_RETURN_TYPE = YES_ERROR;
				GCC_WARN_UNDECLARED_SELECTOR = YES;
				GCC_WARN_UNINITIALIZED_AUTOS = YES_AGGRESSIVE;
				GCC_WARN_UNUSED_FUNCTION = YES;
				GCC_WARN_UNUSED_VARIABLE = YES;
				IPHONEOS_DEPLOYMENT_TARGET = 18.0;
				MTL_ENABLE_DEBUG_INFO = INCLUDE_SOURCE;
				MTL_FAST_MATH = YES;
				ONLY_ACTIVE_ARCH = YES;
				PRODUCT_NAME = "$(TARGET_NAME)";
				SDKROOT = iphoneos;
				SWIFT_ACTIVE_COMPILATION_CONDITIONS = DEBUG;
				SWIFT_OPTIMIZATION_LEVEL = "-Onone";
				SWIFT_VERSION = 5;
			};
			name = Debug;
		};
/* End XCBuildConfiguration section */

/* Begin XCConfigurationList section */
		190690E4C22DD001A86BCF79 /* Build configuration list for PBXNativeTarget "NoomApp" */ = {
			isa = XCConfigurationList;
			buildConfigurations = (
				29C26C2B80164C30904549DF /* Debug */,
				B4971792E31A3602EE8AB19C /* Release */,
			);
			defaultConfigurationIsVisible = 0;
			defaultConfigurationName = Debug;
		};
		AD4948FC1001BCE1AAEE49A6 /* Build configuration list for PBXNativeTarget "NoomAppTests" */ = {
			isa = XCConfigurationList;
			buildConfigurations = (
				53190A7D47E376D91B734098 /* Debug */,
				3E24A9F88A8304937272BE33 /* Release */,
			);
			defaultConfigurationIsVisible = 0;
			defaultConfigurationName = Debug;
		};
		F7F5AA7D873F37B9E247CD31 /* Build configuration list for PBXProject "NoomApp" */ = {
			isa = XCConfigurationList;
			buildConfigurations = (
				FFC12181AFA3C9958605CD38 /* Debug */,
				3BB68C519C9EA599CF80B128 /* Release */,
			);
			defaultConfigurationIsVisible = 0;
			defaultConfigurationName = Debug;
		};
/* End XCConfigurationList section */
	};
	rootObject = 7E39B5E1153B68693F8E2F9A /* Project object */;
}
