// !$*UTF8*$!
{
	archiveVersion = 1;
	classes = {
	};
	objectVersion = 77;
	objects = {

/* Begin PBXBuildFile section */
		164710E28DAAA8272DC99827 /* SignUpFormState.swift in Sources */ = {isa = PBXBuildFile; fileRef = D5D76877D03565B0CC996C19 /* SignUpFormState.swift */; };
		214124F64AE4B92E6A1F2AA7 /* SignInView.swift in Sources */ = {isa = PBXBuildFile; fileRef = 519C8B98BE49E80AA2953C0A /* SignInView.swift */; };
		265CDE4B4BA21486B9A66A5B /* HRVDetailView.swift in Sources */ = {isa = PBXBuildFile; fileRef = ADC221488DA9BBEB059227BD /* HRVDetailView.swift */; };
		36054B70743C8B67B9D1715D /* ContentView.swift in Sources */ = {isa = PBXBuildFile; fileRef = D5014B422856F3856804FE5A /* ContentView.swift */; };
		4644D6F7E538A7783AD3F2D9 /* InsightsView.swift in Sources */ = {isa = PBXBuildFile; fileRef = A7078F141EEA8C6CC6C7112F /* InsightsView.swift */; };
		4B4BA98CA375F87252FC2FFF /* CaloriesDetailView.swift in Sources */ = {isa = PBXBuildFile; fileRef = C049C4624A9063E245B7F099 /* CaloriesDetailView.swift */; };
		4C35AEF552252F7DC1C7457D /* DashboardState.swift in Sources */ = {isa = PBXBuildFile; fileRef = 51717CEF22FD31D89FA806A6 /* DashboardState.swift */; };
		50A0B7975B76638885D05620 /* RRDetailView.swift in Sources */ = {isa = PBXBuildFile; fileRef = 3E2E8610C77C88E9E96D8821 /* RRDetailView.swift */; };
		554D008A40BAD8EA398F6800 /* Pods_ExampleApp.framework in Frameworks */ = {isa = PBXBuildFile; fileRef = E6FCEE7F337135F50C703F7B /* Pods_ExampleApp.framework */; };
		5DF4A37E5ABDD9679DD524DF /* MainTabView.swift in Sources */ = {isa = PBXBuildFile; fileRef = 8CC6C539B2D79134C0BB21CE /* MainTabView.swift */; };
		64EDE3714FA39474C381A533 /* RecoveryDetailView.swift in Sources */ = {isa = PBXBuildFile; fileRef = 34D7D8B831057487AB86F81F /* RecoveryDetailView.swift */; };
		71273BB6A7733EA277325A78 /* Assets.xcassets in Resources */ = {isa = PBXBuildFile; fileRef = CE70B675CC58D3B140F6444D /* Assets.xcassets */; };
		74F3EFECDF1EB57510D7AFBC /* SignUpView.swift in Sources */ = {isa = PBXBuildFile; fileRef = F64D87A55A3F29264BE2DA66 /* SignUpView.swift */; };
		83B4AD1D8B7D5A27562850CC /* SignInFormState.swift in Sources */ = {isa = PBXBuildFile; fileRef = 0C4B95183F613C447AAF4D62 /* SignInFormState.swift */; };
		86BE0DD7167ED318F65454B4 /* PairDeviceState.swift in Sources */ = {isa = PBXBuildFile; fileRef = 665D054FD505DCC598224AB5 /* PairDeviceState.swift */; };
		891608A7E0C71E7F2BAD4AC3 /* SleepDetailView.swift in Sources */ = {isa = PBXBuildFile; fileRef = 55FD910ACB453F265C8E01FD /* SleepDetailView.swift */; };
		8D167E08376F79E8DD0B6479 /* PairDeviceView.swift in Sources */ = {isa = PBXBuildFile; fileRef = A492870FDF12B462872D50B7 /* PairDeviceView.swift */; };
		9D133FC4383F58DC5793497C /* SDKExampleApp.swift in Sources */ = {isa = PBXBuildFile; fileRef = 3D43D0921D5B2F53DB442764 /* SDKExampleApp.swift */; };
		AEDB44C322B7986E9B5EA87A /* Metric.swift in Sources */ = {isa = PBXBuildFile; fileRef = C0017FC704A41AEA086A290A /* Metric.swift */; };
		B0544679F45942B2CC36D111 /* AppDateContext.swift in Sources */ = {isa = PBXBuildFile; fileRef = A5E3539AE66C9BFEB8D3C11C /* AppDateContext.swift */; };
		DD5941E085784DCC50290391 /* InsightsState.swift in Sources */ = {isa = PBXBuildFile; fileRef = EF1BC2F185CB8B45012A1020 /* InsightsState.swift */; };
		E55AC0CC9231BD45E970A5E6 /* HRDetailView.swift in Sources */ = {isa = PBXBuildFile; fileRef = 3B3A01B084D14088BB918BA9 /* HRDetailView.swift */; };
		E9FC757AD240A56836EC1BD7 /* StepsDetailView.swift in Sources */ = {isa = PBXBuildFile; fileRef = 5754A3DAAB8E8B8F86F14A79 /* StepsDetailView.swift */; };
		ECA8C15365EA939A6CBDA93B /* ProfileView.swift in Sources */ = {isa = PBXBuildFile; fileRef = DF47AD9DAA58A61B2B9F3112 /* ProfileView.swift */; };
		FAAFE7F2007A8F292A9960EF /* DashboardView.swift in Sources */ = {isa = PBXBuildFile; fileRef = 77C5F277CF2B17528EAE151B /* DashboardView.swift */; };
/* End PBXBuildFile section */

/* Begin PBXFileReference section */
		0C4B95183F613C447AAF4D62 /* SignInFormState.swift */ = {isa = PBXFileReference; lastKnownFileType = sourcecode.swift; path = SignInFormState.swift; sourceTree = "<group>"; };
		34D7D8B831057487AB86F81F /* RecoveryDetailView.swift */ = {isa = PBXFileReference; lastKnownFileType = sourcecode.swift; path = RecoveryDetailView.swift; sourceTree = "<group>"; };
		3B3A01B084D14088BB918BA9 /* HRDetailView.swift */ = {isa = PBXFileReference; lastKnownFileType = sourcecode.swift; path = HRDetailView.swift; sourceTree = "<group>"; };
		3D43D0921D5B2F53DB442764 /* SDKExampleApp.swift */ = {isa = PBXFileReference; lastKnownFileType = sourcecode.swift; path = SDKExampleApp.swift; sourceTree = "<group>"; };
		3E2E8610C77C88E9E96D8821 /* RRDetailView.swift */ = {isa = PBXFileReference; lastKnownFileType = sourcecode.swift; path = RRDetailView.swift; sourceTree = "<group>"; };
		45B1A0150F9747D7059AEAF7 /* Pods-ExampleApp.release.xcconfig */ = {isa = PBXFileReference; includeInIndex = 1; lastKnownFileType = text.xcconfig; name = "Pods-ExampleApp.release.xcconfig"; path = "Target Support Files/Pods-ExampleApp/Pods-ExampleApp.release.xcconfig"; sourceTree = "<group>"; };
		51717CEF22FD31D89FA806A6 /* DashboardState.swift */ = {isa = PBXFileReference; lastKnownFileType = sourcecode.swift; path = DashboardState.swift; sourceTree = "<group>"; };
		519C8B98BE49E80AA2953C0A /* SignInView.swift */ = {isa = PBXFileReference; lastKnownFileType = sourcecode.swift; path = SignInView.swift; sourceTree = "<group>"; };
		55FD910ACB453F265C8E01FD /* SleepDetailView.swift */ = {isa = PBXFileReference; lastKnownFileType = sourcecode.swift; path = SleepDetailView.swift; sourceTree = "<group>"; };
		5754A3DAAB8E8B8F86F14A79 /* StepsDetailView.swift */ = {isa = PBXFileReference; lastKnownFileType = sourcecode.swift; path = StepsDetailView.swift; sourceTree = "<group>"; };
		597DFAA70149577CB840168A /* Info.plist */ = {isa = PBXFileReference; lastKnownFileType = text.plist; path = Info.plist; sourceTree = "<group>"; };
		665D054FD505DCC598224AB5 /* PairDeviceState.swift */ = {isa = PBXFileReference; lastKnownFileType = sourcecode.swift; path = PairDeviceState.swift; sourceTree = "<group>"; };
		77C5F277CF2B17528EAE151B /* DashboardView.swift */ = {isa = PBXFileReference; lastKnownFileType = sourcecode.swift; path = DashboardView.swift; sourceTree = "<group>"; };
		8CC6C539B2D79134C0BB21CE /* MainTabView.swift */ = {isa = PBXFileReference; lastKnownFileType = sourcecode.swift; path = MainTabView.swift; sourceTree = "<group>"; };
		926C3D981D8F7AB7B3F2E007 /* ExampleApp.app */ = {isa = PBXFileReference; includeInIndex = 0; lastKnownFileType = wrapper.application; path = ExampleApp.app; sourceTree = BUILT_PRODUCTS_DIR; };
		A492870FDF12B462872D50B7 /* PairDeviceView.swift */ = {isa = PBXFileReference; lastKnownFileType = sourcecode.swift; path = PairDeviceView.swift; sourceTree = "<group>"; };
		A5E3539AE66C9BFEB8D3C11C /* AppDateContext.swift */ = {isa = PBXFileReference; lastKnownFileType = sourcecode.swift; path = AppDateContext.swift; sourceTree = "<group>"; };
		A7078F141EEA8C6CC6C7112F /* InsightsView.swift */ = {isa = PBXFileReference; lastKnownFileType = sourcecode.swift; path = InsightsView.swift; sourceTree = "<group>"; };
		ADC221488DA9BBEB059227BD /* HRVDetailView.swift */ = {isa = PBXFileReference; lastKnownFileType = sourcecode.swift; path = HRVDetailView.swift; sourceTree = "<group>"; };
		C0017FC704A41AEA086A290A /* Metric.swift */ = {isa = PBXFileReference; lastKnownFileType = sourcecode.swift; path = Metric.swift; sourceTree = "<group>"; };
		C049C4624A9063E245B7F099 /* CaloriesDetailView.swift */ = {isa = PBXFileReference; lastKnownFileType = sourcecode.swift; path = CaloriesDetailView.swift; sourceTree = "<group>"; };
		CE70B675CC58D3B140F6444D /* Assets.xcassets */ = {isa = PBXFileReference; lastKnownFileType = folder.assetcatalog; path = Assets.xcassets; sourceTree = "<group>"; };
		CFC784AB131411884F2E0E6C /* Pods-ExampleApp.debug.xcconfig */ = {isa = PBXFileReference; includeInIndex = 1; lastKnownFileType = text.xcconfig; name = "Pods-ExampleApp.debug.xcconfig"; path = "Target Support Files/Pods-ExampleApp/Pods-ExampleApp.debug.xcconfig"; sourceTree = "<group>"; };
		D5014B422856F3856804FE5A /* ContentView.swift */ = {isa = PBXFileReference; lastKnownFileType = sourcecode.swift; path = ContentView.swift; sourceTree = "<group>"; };
		D5D76877D03565B0CC996C19 /* SignUpFormState.swift */ = {isa = PBXFileReference; lastKnownFileType = sourcecode.swift; path = SignUpFormState.swift; sourceTree = "<group>"; };
		DF47AD9DAA58A61B2B9F3112 /* ProfileView.swift */ = {isa = PBXFileReference; lastKnownFileType = sourcecode.swift; path = ProfileView.swift; sourceTree = "<group>"; };
		E6FCEE7F337135F50C703F7B /* Pods_ExampleApp.framework */ = {isa = PBXFileReference; explicitFileType = wrapper.framework; includeInIndex = 0; path = Pods_ExampleApp.framework; sourceTree = BUILT_PRODUCTS_DIR; };
		EF1BC2F185CB8B45012A1020 /* InsightsState.swift */ = {isa = PBXFileReference; lastKnownFileType = sourcecode.swift; path = InsightsState.swift; sourceTree = "<group>"; };
		F64D87A55A3F29264BE2DA66 /* SignUpView.swift */ = {isa = PBXFileReference; lastKnownFileType = sourcecode.swift; path = SignUpView.swift; sourceTree = "<group>"; };
/* End PBXFileReference section */

/* Begin PBXFrameworksBuildPhase section */
		EC16A3A84CB1C442CF4FC094 /* Frameworks */ = {
			isa = PBXFrameworksBuildPhase;
			buildActionMask = 2147483647;
			files = (
				554D008A40BAD8EA398F6800 /* Pods_ExampleApp.framework in Frameworks */,
			);
			runOnlyForDeploymentPostprocessing = 0;
		};
/* End PBXFrameworksBuildPhase section */

/* Begin PBXGroup section */
		35D3961F85CE2AD398147F7F /* Frameworks */ = {
			isa = PBXGroup;
			children = (
				E6FCEE7F337135F50C703F7B /* Pods_ExampleApp.framework */,
			);
			name = Frameworks;
			sourceTree = "<group>";
		};
		ABA4B690C7A01854D5679DE4 /* ExampleApp */ = {
			isa = PBXGroup;
			children = (
				A5E3539AE66C9BFEB8D3C11C /* AppDateContext.swift */,
				CE70B675CC58D3B140F6444D /* Assets.xcassets */,
				C049C4624A9063E245B7F099 /* CaloriesDetailView.swift */,
				D5014B422856F3856804FE5A /* ContentView.swift */,
				51717CEF22FD31D89FA806A6 /* DashboardState.swift */,
				77C5F277CF2B17528EAE151B /* DashboardView.swift */,
				3B3A01B084D14088BB918BA9 /* HRDetailView.swift */,
				ADC221488DA9BBEB059227BD /* HRVDetailView.swift */,
				597DFAA70149577CB840168A /* Info.plist */,
				EF1BC2F185CB8B45012A1020 /* InsightsState.swift */,
				A7078F141EEA8C6CC6C7112F /* InsightsView.swift */,
				8CC6C539B2D79134C0BB21CE /* MainTabView.swift */,
				C0017FC704A41AEA086A290A /* Metric.swift */,
				665D054FD505DCC598224AB5 /* PairDeviceState.swift */,
				A492870FDF12B462872D50B7 /* PairDeviceView.swift */,
				DF47AD9DAA58A61B2B9F3112 /* ProfileView.swift */,
				34D7D8B831057487AB86F81F /* RecoveryDetailView.swift */,
				3E2E8610C77C88E9E96D8821 /* RRDetailView.swift */,
				3D43D0921D5B2F53DB442764 /* SDKExampleApp.swift */,
				0C4B95183F613C447AAF4D62 /* SignInFormState.swift */,
				519C8B98BE49E80AA2953C0A /* SignInView.swift */,
				D5D76877D03565B0CC996C19 /* SignUpFormState.swift */,
				F64D87A55A3F29264BE2DA66 /* SignUpView.swift */,
				55FD910ACB453F265C8E01FD /* SleepDetailView.swift */,
				5754A3DAAB8E8B8F86F14A79 /* StepsDetailView.swift */,
			);
			path = ExampleApp;
			sourceTree = "<group>";
		};
		AF4E1C376012F79EC7DF8379 /* Products */ = {
			isa = PBXGroup;
			children = (
				926C3D981D8F7AB7B3F2E007 /* ExampleApp.app */,
			);
			name = Products;
			sourceTree = "<group>";
		};
		ECA11DCDB4BE2265B358A0E2 = {
			isa = PBXGroup;
			children = (
				ABA4B690C7A01854D5679DE4 /* ExampleApp */,
				AF4E1C376012F79EC7DF8379 /* Products */,
				F55867537D607482230D2CAE /* Pods */,
				35D3961F85CE2AD398147F7F /* Frameworks */,
			);
			sourceTree = "<group>";
		};
		F55867537D607482230D2CAE /* Pods */ = {
			isa = PBXGroup;
			children = (
				CFC784AB131411884F2E0E6C /* Pods-ExampleApp.debug.xcconfig */,
				45B1A0150F9747D7059AEAF7 /* Pods-ExampleApp.release.xcconfig */,
			);
			name = Pods;
			path = Pods;
			sourceTree = "<group>";
		};
/* End PBXGroup section */

/* Begin PBXNativeTarget section */
		35B8FEF4A7EC7B264458F19C /* ExampleApp */ = {
			isa = PBXNativeTarget;
			buildConfigurationList = AE928657B46C08C76BD8F85B /* Build configuration list for PBXNativeTarget "ExampleApp" */;
			buildPhases = (
				B8E813F251F238D19B2406FB /* [CP] Check Pods Manifest.lock */,
				5380FB61401EE22569D3345E /* Sources */,
				4398A5DFF0792C27DB68ACC7 /* Resources */,
				EC16A3A84CB1C442CF4FC094 /* Frameworks */,
				81BCA490201B32CD25A2E961 /* [CP] Embed Pods Frameworks */,
			);
			buildRules = (
			);
			dependencies = (
			);
			name = ExampleApp;
			productName = ExampleApp;
			productReference = 926C3D981D8F7AB7B3F2E007 /* ExampleApp.app */;
			productType = "com.apple.product-type.application";
		};
/* End PBXNativeTarget section */

/* Begin PBXProject section */
		E6FC2ABCE62557C86BAC1580 /* Project object */ = {
			isa = PBXProject;
			attributes = {
				BuildIndependentTargetsInParallel = YES;
				LastUpgradeCheck = 1430;
				TargetAttributes = {
					35B8FEF4A7EC7B264458F19C = {
						DevelopmentTeam = 2V6RCD4SM4;
						ProvisioningStyle = Automatic;
					};
				};
			};
			buildConfigurationList = 73A70D16F69D798FC49217D0 /* Build configuration list for PBXProject "ExampleApp" */;
			developmentRegion = en;
			hasScannedForEncodings = 0;
			knownRegions = (
				Base,
				en,
			);
			mainGroup = ECA11DCDB4BE2265B358A0E2;
			minimizedProjectReferenceProxies = 1;
			preferredProjectObjectVersion = 77;
			productRefGroup = AF4E1C376012F79EC7DF8379 /* Products */;
			projectDirPath = "";
			projectRoot = "";
			targets = (
				35B8FEF4A7EC7B264458F19C /* ExampleApp */,
			);
		};
/* End PBXProject section */

/* Begin PBXResourcesBuildPhase section */
		4398A5DFF0792C27DB68ACC7 /* Resources */ = {
			isa = PBXResourcesBuildPhase;
			buildActionMask = 2147483647;
			files = (
				71273BB6A7733EA277325A78 /* Assets.xcassets in Resources */,
			);
			runOnlyForDeploymentPostprocessing = 0;
		};
/* End PBXResourcesBuildPhase section */

/* Begin PBXShellScriptBuildPhase section */
		81BCA490201B32CD25A2E961 /* [CP] Embed Pods Frameworks */ = {
			isa = PBXShellScriptBuildPhase;
			buildActionMask = 2147483647;
			files = (
			);
			inputFileListPaths = (
				"${PODS_ROOT}/Target Support Files/Pods-ExampleApp/Pods-ExampleApp-frameworks-${CONFIGURATION}-input-files.xcfilelist",
			);
			name = "[CP] Embed Pods Frameworks";
			outputFileListPaths = (
				"${PODS_ROOT}/Target Support Files/Pods-ExampleApp/Pods-ExampleApp-frameworks-${CONFIGURATION}-output-files.xcfilelist",
			);
			runOnlyForDeploymentPostprocessing = 0;
			shellPath = /bin/sh;
			shellScript = "\"${PODS_ROOT}/Target Support Files/Pods-ExampleApp/Pods-ExampleApp-frameworks.sh\"\n";
			showEnvVarsInLog = 0;
		};
		B8E813F251F238D19B2406FB /* [CP] Check Pods Manifest.lock */ = {
			isa = PBXShellScriptBuildPhase;
			buildActionMask = 2147483647;
			files = (
			);
			inputFileListPaths = (
			);
			inputPaths = (
				"${PODS_PODFILE_DIR_PATH}/Podfile.lock",
				"${PODS_ROOT}/Manifest.lock",
			);
			name = "[CP] Check Pods Manifest.lock";
			outputFileListPaths = (
			);
			outputPaths = (
				"$(DERIVED_FILE_DIR)/Pods-ExampleApp-checkManifestLockResult.txt",
			);
			runOnlyForDeploymentPostprocessing = 0;
			shellPath = /bin/sh;
			shellScript = "diff \"${PODS_PODFILE_DIR_PATH}/Podfile.lock\" \"${PODS_ROOT}/Manifest.lock\" > /dev/null\nif [ $? != 0 ] ; then\n    # print error to STDERR\n    echo \"error: The sandbox is not in sync with the Podfile.lock. Run 'pod install' or update your CocoaPods installation.\" >&2\n    exit 1\nfi\n# This output is used by Xcode 'outputs' to avoid re-running this script phase.\necho \"SUCCESS\" > \"${SCRIPT_OUTPUT_FILE_0}\"\n";
			showEnvVarsInLog = 0;
		};
/* End PBXShellScriptBuildPhase section */

/* Begin PBXSourcesBuildPhase section */
		5380FB61401EE22569D3345E /* Sources */ = {
			isa = PBXSourcesBuildPhase;
			buildActionMask = 2147483647;
			files = (
				B0544679F45942B2CC36D111 /* AppDateContext.swift in Sources */,
				4B4BA98CA375F87252FC2FFF /* CaloriesDetailView.swift in Sources */,
				36054B70743C8B67B9D1715D /* ContentView.swift in Sources */,
				4C35AEF552252F7DC1C7457D /* DashboardState.swift in Sources */,
				FAAFE7F2007A8F292A9960EF /* DashboardView.swift in Sources */,
				E55AC0CC9231BD45E970A5E6 /* HRDetailView.swift in Sources */,
				265CDE4B4BA21486B9A66A5B /* HRVDetailView.swift in Sources */,
				DD5941E085784DCC50290391 /* InsightsState.swift in Sources */,
				4644D6F7E538A7783AD3F2D9 /* InsightsView.swift in Sources */,
				5DF4A37E5ABDD9679DD524DF /* MainTabView.swift in Sources */,
				AEDB44C322B7986E9B5EA87A /* Metric.swift in Sources */,
				86BE0DD7167ED318F65454B4 /* PairDeviceState.swift in Sources */,
				8D167E08376F79E8DD0B6479 /* PairDeviceView.swift in Sources */,
				ECA8C15365EA939A6CBDA93B /* ProfileView.swift in Sources */,
				50A0B7975B76638885D05620 /* RRDetailView.swift in Sources */,
				64EDE3714FA39474C381A533 /* RecoveryDetailView.swift in Sources */,
				9D133FC4383F58DC5793497C /* SDKExampleApp.swift in Sources */,
				83B4AD1D8B7D5A27562850CC /* SignInFormState.swift in Sources */,
				214124F64AE4B92E6A1F2AA7 /* SignInView.swift in Sources */,
				164710E28DAAA8272DC99827 /* SignUpFormState.swift in Sources */,
				74F3EFECDF1EB57510D7AFBC /* SignUpView.swift in Sources */,
				891608A7E0C71E7F2BAD4AC3 /* SleepDetailView.swift in Sources */,
				E9FC757AD240A56836EC1BD7 /* StepsDetailView.swift in Sources */,
			);
			runOnlyForDeploymentPostprocessing = 0;
		};
/* End PBXSourcesBuildPhase section */

/* Begin XCBuildConfiguration section */
		1EFA7DE0C166B5B12443A164 /* Release */ = {
			isa = XCBuildConfiguration;
			buildSettings = {
				ALWAYS_SEARCH_USER_PATHS = NO;
				CLANG_ANALYZER_NONNULL = YES;
				CLANG_ANALYZER_NUMBER_OBJECT_CONVERSION = YES_AGGRESSIVE;
				CLANG_CXX_LANGUAGE_STANDARD = "c++17";
				CLANG_CXX_LIBRARY = "libc++";
				CLANG_ENABLE_MODULES = YES;
				CLANG_ENABLE_OBJC_ARC = YES;
				CLANG_ENABLE_OBJC_WEAK = YES;
				CLANG_WARN_BLOCK_CAPTURE_AUTORELEASING = YES;
				CLANG_WARN_BOOL_CONVERSION = YES;
				CLANG_WARN_COMMA = YES;
				CLANG_WARN_CONSTANT_CONVERSION = YES;
				CLANG_WARN_DEPRECATED_OBJC_IMPLEMENTATIONS = YES;
				CLANG_WARN_DIRECT_OBJC_ISA_USAGE = YES_ERROR;
				CLANG_WARN_DOCUMENTATION_COMMENTS = YES;
				CLANG_WARN_EMPTY_BODY = YES;
				CLANG_WARN_ENUM_CONVERSION = YES;
				CLANG_WARN_INFINITE_RECURSION = YES;
				CLANG_WARN_INT_CONVERSION = YES;
				CLANG_WARN_NON_LITERAL_NULL_CONVERSION = YES;
				CLANG_WARN_OBJC_IMPLICIT_RETAIN_SELF = YES;
				CLANG_WARN_OBJC_LITERAL_CONVERSION = YES;
				CLANG_WARN_OBJC_ROOT_CLASS = YES_ERROR;
				CLANG_WARN_QUOTED_INCLUDE_IN_FRAMEWORK_HEADER = YES;
				CLANG_WARN_RANGE_LOOP_ANALYSIS = YES;
				CLANG_WARN_STRICT_PROTOTYPES = YES;
				CLANG_WARN_SUSPICIOUS_MOVE = YES;
				CLANG_WARN_UNGUARDED_AVAILABILITY = YES_AGGRESSIVE;
				CLANG_WARN_UNREACHABLE_CODE = YES;
				CLANG_WARN__DUPLICATE_METHOD_MATCH = YES;
				COPY_PHASE_STRIP = NO;
				DEBUG_INFORMATION_FORMAT = "dwarf-with-dsym";
				ENABLE_NS_ASSERTIONS = NO;
				ENABLE_STRICT_OBJC_MSGSEND = YES;
				GCC_C_LANGUAGE_STANDARD = gnu11;
				GCC_NO_COMMON_BLOCKS = YES;
				GCC_PREPROCESSOR_DEFINITIONS = (
					"$(inherited)",
					"FX_PLATFORM_UNIX=1",
				);
				GCC_WARN_64_TO_32_BIT_CONVERSION = YES;
				GCC_WARN_ABOUT_RETURN_TYPE = YES_ERROR;
				GCC_WARN_UNDECLARED_SELECTOR = YES;
				GCC_WARN_UNINITIALIZED_AUTOS = YES_AGGRESSIVE;
				GCC_WARN_UNUSED_FUNCTION = YES;
				GCC_WARN_UNUSED_VARIABLE = YES;
				IPHONEOS_DEPLOYMENT_TARGET = 18.0;
				MTL_ENABLE_DEBUG_INFO = NO;
				MTL_FAST_MATH = YES;
				PRODUCT_NAME = "$(TARGET_NAME)";
				SDKROOT = iphoneos;
				SWIFT_COMPILATION_MODE = wholemodule;
				SWIFT_OPTIMIZATION_LEVEL = "-O";
				SWIFT_VERSION = 5;
			};
			name = Release;
		};
		A0434A35A655F4DA293ECD44 /* Debug */ = {
			isa = XCBuildConfiguration;
			baseConfigurationReference = CFC784AB131411884F2E0E6C /* Pods-ExampleApp.debug.xcconfig */;
			buildSettings = {
				ASSETCATALOG_COMPILER_APPICON_NAME = AppIcon;
				CODE_SIGN_IDENTITY = "iPhone Developer";
				CODE_SIGN_STYLE = Automatic;
				DEVELOPMENT_TEAM = 2V6RCD4SM4;
				GENERATE_INFOPLIST_FILE = NO;
				INFOPLIST_FILE = ExampleApp/Info.plist;
				LD_RUNPATH_SEARCH_PATHS = (
					"$(inherited)",
					"@executable_path/Frameworks",
				);
				PRODUCT_BUNDLE_IDENTIFIER = ai.sensr.example.ExampleApp;
				SDKROOT = iphoneos;
				TARGETED_DEVICE_FAMILY = "1,2";
			};
			name = Debug;
		};
		A416E8F402F2F67FB0EA5F35 /* Release */ = {
			isa = XCBuildConfiguration;
			baseConfigurationReference = 45B1A0150F9747D7059AEAF7 /* Pods-ExampleApp.release.xcconfig */;
			buildSettings = {
				ASSETCATALOG_COMPILER_APPICON_NAME = AppIcon;
				CODE_SIGN_IDENTITY = "iPhone Developer";
				CODE_SIGN_STYLE = Automatic;
				DEVELOPMENT_TEAM = 2V6RCD4SM4;
				GENERATE_INFOPLIST_FILE = NO;
				INFOPLIST_FILE = ExampleApp/Info.plist;
				LD_RUNPATH_SEARCH_PATHS = (
					"$(inherited)",
					"@executable_path/Frameworks",
				);
				PRODUCT_BUNDLE_IDENTIFIER = ai.sensr.example.ExampleApp;
				SDKROOT = iphoneos;
				TARGETED_DEVICE_FAMILY = "1,2";
			};
			name = Release;
		};
		C425BDE89D0C96534D273F9B /* Debug */ = {
			isa = XCBuildConfiguration;
			buildSettings = {
				ALWAYS_SEARCH_USER_PATHS = NO;
				CLANG_ANALYZER_NONNULL = YES;
				CLANG_ANALYZER_NUMBER_OBJECT_CONVERSION = YES_AGGRESSIVE;
				CLANG_CXX_LANGUAGE_STANDARD = "c++17";
				CLANG_CXX_LIBRARY = "libc++";
				CLANG_ENABLE_MODULES = YES;
				CLANG_ENABLE_OBJC_ARC = YES;
				CLANG_ENABLE_OBJC_WEAK = YES;
				CLANG_WARN_BLOCK_CAPTURE_AUTORELEASING = YES;
				CLANG_WARN_BOOL_CONVERSION = YES;
				CLANG_WARN_COMMA = YES;
				CLANG_WARN_CONSTANT_CONVERSION = YES;
				CLANG_WARN_DEPRECATED_OBJC_IMPLEMENTATIONS = YES;
				CLANG_WARN_DIRECT_OBJC_ISA_USAGE = YES_ERROR;
				CLANG_WARN_DOCUMENTATION_COMMENTS = YES;
				CLANG_WARN_EMPTY_BODY = YES;
				CLANG_WARN_ENUM_CONVERSION = YES;
				CLANG_WARN_INFINITE_RECURSION = YES;
				CLANG_WARN_INT_CONVERSION = YES;
				CLANG_WARN_NON_LITERAL_NULL_CONVERSION = YES;
				CLANG_WARN_OBJC_IMPLICIT_RETAIN_SELF = YES;
				CLANG_WARN_OBJC_LITERAL_CONVERSION = YES;
				CLANG_WARN_OBJC_ROOT_CLASS = YES_ERROR;
				CLANG_WARN_QUOTED_INCLUDE_IN_FRAMEWORK_HEADER = YES;
				CLANG_WARN_RANGE_LOOP_ANALYSIS = YES;
				CLANG_WARN_STRICT_PROTOTYPES = YES;
				CLANG_WARN_SUSPICIOUS_MOVE = YES;
				CLANG_WARN_UNGUARDED_AVAILABILITY = YES_AGGRESSIVE;
				CLANG_WARN_UNREACHABLE_CODE = YES;
				CLANG_WARN__DUPLICATE_METHOD_MATCH = YES;
				COPY_PHASE_STRIP = NO;
				DEBUG_INFORMATION_FORMAT = dwarf;
				ENABLE_STRICT_OBJC_MSGSEND = YES;
				ENABLE_TESTABILITY = YES;
				GCC_C_LANGUAGE_STANDARD = gnu11;
				GCC_DYNAMIC_NO_PIC = NO;
				GCC_NO_COMMON_BLOCKS = YES;
				GCC_OPTIMIZATION_LEVEL = 0;
				GCC_PREPROCESSOR_DEFINITIONS = (
					"$(inherited)",
					"FX_PLATFORM_UNIX=1",
				);
				GCC_WARN_64_TO_32_BIT_CONVERSION = YES;
				GCC_WARN_ABOUT_RETURN_TYPE = YES_ERROR;
				GCC_WARN_UNDECLARED_SELECTOR = YES;
				GCC_WARN_UNINITIALIZED_AUTOS = YES_AGGRESSIVE;
				GCC_WARN_UNUSED_FUNCTION = YES;
				GCC_WARN_UNUSED_VARIABLE = YES;
				IPHONEOS_DEPLOYMENT_TARGET = 18.0;
				MTL_ENABLE_DEBUG_INFO = INCLUDE_SOURCE;
				MTL_FAST_MATH = YES;
				ONLY_ACTIVE_ARCH = YES;
				PRODUCT_NAME = "$(TARGET_NAME)";
				SDKROOT = iphoneos;
				SWIFT_ACTIVE_COMPILATION_CONDITIONS = DEBUG;
				SWIFT_OPTIMIZATION_LEVEL = "-Onone";
				SWIFT_VERSION = 5;
			};
			name = Debug;
		};
/* End XCBuildConfiguration section */

/* Begin XCConfigurationList section */
		73A70D16F69D798FC49217D0 /* Build configuration list for PBXProject "ExampleApp" */ = {
			isa = XCConfigurationList;
			buildConfigurations = (
				C425BDE89D0C96534D273F9B /* Debug */,
				1EFA7DE0C166B5B12443A164 /* Release */,
			);
			defaultConfigurationIsVisible = 0;
			defaultConfigurationName = Debug;
		};
		AE928657B46C08C76BD8F85B /* Build configuration list for PBXNativeTarget "ExampleApp" */ = {
			isa = XCConfigurationList;
			buildConfigurations = (
				A0434A35A655F4DA293ECD44 /* Debug */,
				A416E8F402F2F67FB0EA5F35 /* Release */,
			);
			defaultConfigurationIsVisible = 0;
			defaultConfigurationName = Debug;
		};
/* End XCConfigurationList section */
	};
	rootObject = E6FC2ABCE62557C86BAC1580 /* Project object */;
}
